
Microsoft Visual Studio Solution File, Format Version 12.00
# Visual Studio Version 16
VisualStudioVersion = 16.0.30225.117
MinimumVisualStudioVersion = 10.0.40219.1
Project("{FAE04EC0-301F-11D3-BF4B-00C04F79EFBC}") = "BachelorMid", "BachelorMid\BachelorMid.csproj", "{7ED793A3-228D-413E-B913-5867FE15962A}"
EndProject
Global
	GlobalSection(SolutionConfigurationPlatforms) = preSolution
		Debug|Any CPU = Debug|Any CPU
		Release|Any CPU = Release|Any CPU
	EndGlobalSection
	GlobalSection(ProjectConfigurationPlatforms) = postSolution
		{7ED793A3-228D-413E-B913-5867FE15962A}.Debug|Any CPU.ActiveCfg = Debug|Any CPU
		{7ED793A3-228D-413E-B913-5867FE15962A}.Debug|Any CPU.Build.0 = Debug|Any CPU
		{7ED793A3-228D-413E-B913-5867FE15962A}.Release|Any CPU.ActiveCfg = Release|Any CPU
		{7ED793A3-228D-413E-B913-5867FE15962A}.Release|Any CPU.Build.0 = Release|Any CPU
	EndGlobalSection
	GlobalSection(SolutionProperties) = preSolution
		HideSolutionNode = FALSE
	EndGlobalSection
	GlobalSection(ExtensibilityGlobals) = postSolution
		SolutionGuid = {85E81C4B-6CEB-497E-B856-2A933F53EE5B}
	EndGlobalSection
EndGlobal
